// !$*UTF8*$!
{
	archiveVersion = 1;
	classes = {
	};
	objectVersion = 46;
	objects = {

/* Begin PBXBuildFile section */
		B5462F031A8453FA00145E9F /* Alamofire.framework in Frameworks */ = {isa = PBXBuildFile; fileRef = B5DB2DC91A845369005918A6 /* Alamofire.framework */; };
		B5462F041A8453FA00145E9F /* Alamofire.framework in Embed Frameworks */ = {isa = PBXBuildFile; fileRef = B5DB2DC91A845369005918A6 /* Alamofire.framework */; settings = {ATTRIBUTES = (CodeSignOnCopy, RemoveHeadersOnCopy, ); }; };
		B5462F0B1A8453FA00145E9F /* SwiftyJSON.framework in Frameworks */ = {isa = PBXBuildFile; fileRef = B5DB2DD81A845380005918A6 /* SwiftyJSON.framework */; };
		B5462F0C1A8453FA00145E9F /* SwiftyJSON.framework in Embed Frameworks */ = {isa = PBXBuildFile; fileRef = B5DB2DD81A845380005918A6 /* SwiftyJSON.framework */; settings = {ATTRIBUTES = (CodeSignOnCopy, RemoveHeadersOnCopy, ); }; };
		B5DB2D491A8447EE005918A6 /* AppDelegate.swift in Sources */ = {isa = PBXBuildFile; fileRef = B5DB2D481A8447EE005918A6 /* AppDelegate.swift */; };
		B5DB2D4B1A8447EE005918A6 /* MasterViewController.swift in Sources */ = {isa = PBXBuildFile; fileRef = B5DB2D4A1A8447EE005918A6 /* MasterViewController.swift */; };
		B5DB2D4D1A8447EE005918A6 /* DetailViewController.swift in Sources */ = {isa = PBXBuildFile; fileRef = B5DB2D4C1A8447EE005918A6 /* DetailViewController.swift */; };
		B5DB2D501A8447EE005918A6 /* Main.storyboard in Resources */ = {isa = PBXBuildFile; fileRef = B5DB2D4E1A8447EE005918A6 /* Main.storyboard */; };
		B5DB2D521A8447EE005918A6 /* Images.xcassets in Resources */ = {isa = PBXBuildFile; fileRef = B5DB2D511A8447EE005918A6 /* Images.xcassets */; };
		B5DB2D551A8447EE005918A6 /* LaunchScreen.xib in Resources */ = {isa = PBXBuildFile; fileRef = B5DB2D531A8447EE005918A6 /* LaunchScreen.xib */; };
		B5DB2D611A8447EE005918A6 /* RecordsTests.swift in Sources */ = {isa = PBXBuildFile; fileRef = B5DB2D601A8447EE005918A6 /* RecordsTests.swift */; };
/* End PBXBuildFile section */

/* Begin PBXContainerItemProxy section */
		B5462F051A8453FA00145E9F /* PBXContainerItemProxy */ = {
			isa = PBXContainerItemProxy;
			containerPortal = B5DB2DC11A845369005918A6 /* Alamofire.xcodeproj */;
			proxyType = 1;
			remoteGlobalIDString = F8111E3219A95C8B0040E7D1;
			remoteInfo = "Alamofire iOS";
		};
		B5462F0D1A8453FA00145E9F /* PBXContainerItemProxy */ = {
			isa = PBXContainerItemProxy;
			containerPortal = B5DB2DD01A845380005918A6 /* SwiftyJSON.xcodeproj */;
			proxyType = 1;
			remoteGlobalIDString = 2E4FEFDA19575BE100351305;
			remoteInfo = SwiftyJSON;
		};
		B5DB2D5B1A8447EE005918A6 /* PBXContainerItemProxy */ = {
			isa = PBXContainerItemProxy;
			containerPortal = B5DB2D3B1A8447EE005918A6 /* Project object */;
			proxyType = 1;
			remoteGlobalIDString = B5DB2D421A8447EE005918A6;
			remoteInfo = Records;
		};
		B5DB2DC81A845369005918A6 /* PBXContainerItemProxy */ = {
			isa = PBXContainerItemProxy;
			containerPortal = B5DB2DC11A845369005918A6 /* Alamofire.xcodeproj */;
			proxyType = 2;
			remoteGlobalIDString = F8111E3319A95C8B0040E7D1;
			remoteInfo = "Alamofire iOS";
		};
		B5DB2DCA1A845369005918A6 /* PBXContainerItemProxy */ = {
			isa = PBXContainerItemProxy;
			containerPortal = B5DB2DC11A845369005918A6 /* Alamofire.xcodeproj */;
			proxyType = 2;
			remoteGlobalIDString = 4DD67C0B1A5C55C900ED2280;
			remoteInfo = "Alamofire OSX";
		};
		B5DB2DCC1A845369005918A6 /* PBXContainerItemProxy */ = {
			isa = PBXContainerItemProxy;
			containerPortal = B5DB2DC11A845369005918A6 /* Alamofire.xcodeproj */;
			proxyType = 2;
			remoteGlobalIDString = F8111E3E19A95C8B0040E7D1;
			remoteInfo = "Alamofire iOS Tests";
		};
		B5DB2DCE1A845369005918A6 /* PBXContainerItemProxy */ = {
			isa = PBXContainerItemProxy;
			containerPortal = B5DB2DC11A845369005918A6 /* Alamofire.xcodeproj */;
			proxyType = 2;
			remoteGlobalIDString = F829C6B21A7A94F100A2CD59;
			remoteInfo = "Alamofire OSX Tests";
		};
		B5DB2DD71A845380005918A6 /* PBXContainerItemProxy */ = {
			isa = PBXContainerItemProxy;
			containerPortal = B5DB2DD01A845380005918A6 /* SwiftyJSON.xcodeproj */;
			proxyType = 2;
			remoteGlobalIDString = 2E4FEFDB19575BE100351305;
			remoteInfo = SwiftyJSON;
		};
		B5DB2DD91A845380005918A6 /* PBXContainerItemProxy */ = {
			isa = PBXContainerItemProxy;
			containerPortal = B5DB2DD01A845380005918A6 /* SwiftyJSON.xcodeproj */;
			proxyType = 2;
			remoteGlobalIDString = 2E4FEFE619575BE100351305;
			remoteInfo = SwiftyJSONTests;
		};
		B5DB2DDB1A845380005918A6 /* PBXContainerItemProxy */ = {
			isa = PBXContainerItemProxy;
			containerPortal = B5DB2DD01A845380005918A6 /* SwiftyJSON.xcodeproj */;
			proxyType = 2;
			remoteGlobalIDString = 4EC1C1C91A0C1A2D0026ED0B;
			remoteInfo = SwiftyJSONOSX;
		};
		B5DB2DDD1A845380005918A6 /* PBXContainerItemProxy */ = {
			isa = PBXContainerItemProxy;
			containerPortal = B5DB2DD01A845380005918A6 /* SwiftyJSON.xcodeproj */;
			proxyType = 2;
			remoteGlobalIDString = 4EC1C1D31A0C1A2D0026ED0B;
			remoteInfo = SwiftyJSONOSXTests;
		};
/* End PBXContainerItemProxy section */

/* Begin PBXCopyFilesBuildPhase section */
		B5462F0F1A8453FA00145E9F /* Embed Frameworks */ = {
			isa = PBXCopyFilesBuildPhase;
			buildActionMask = 2147483647;
			dstPath = "";
			dstSubfolderSpec = 10;
			files = (
				B5462F0C1A8453FA00145E9F /* SwiftyJSON.framework in Embed Frameworks */,
				B5462F041A8453FA00145E9F /* Alamofire.framework in Embed Frameworks */,
			);
			name = "Embed Frameworks";
			runOnlyForDeploymentPostprocessing = 0;
		};
/* End PBXCopyFilesBuildPhase section */

/* Begin PBXFileReference section */
		B5DB2D431A8447EE005918A6 /* Records.app */ = {isa = PBXFileReference; explicitFileType = wrapper.application; includeInIndex = 0; path = Records.app; sourceTree = BUILT_PRODUCTS_DIR; };
		B5DB2D471A8447EE005918A6 /* Info.plist */ = {isa = PBXFileReference; lastKnownFileType = text.plist.xml; path = Info.plist; sourceTree = "<group>"; };
		B5DB2D481A8447EE005918A6 /* AppDelegate.swift */ = {isa = PBXFileReference; lastKnownFileType = sourcecode.swift; path = AppDelegate.swift; sourceTree = "<group>"; };
		B5DB2D4A1A8447EE005918A6 /* MasterViewController.swift */ = {isa = PBXFileReference; lastKnownFileType = sourcecode.swift; path = MasterViewController.swift; sourceTree = "<group>"; };
		B5DB2D4C1A8447EE005918A6 /* DetailViewController.swift */ = {isa = PBXFileReference; lastKnownFileType = sourcecode.swift; path = DetailViewController.swift; sourceTree = "<group>"; };
		B5DB2D4F1A8447EE005918A6 /* Base */ = {isa = PBXFileReference; lastKnownFileType = file.storyboard; name = Base; path = Base.lproj/Main.storyboard; sourceTree = "<group>"; };
		B5DB2D511A8447EE005918A6 /* Images.xcassets */ = {isa = PBXFileReference; lastKnownFileType = folder.assetcatalog; path = Images.xcassets; sourceTree = "<group>"; };
		B5DB2D541A8447EE005918A6 /* Base */ = {isa = PBXFileReference; lastKnownFileType = file.xib; name = Base; path = Base.lproj/LaunchScreen.xib; sourceTree = "<group>"; };
		B5DB2D5A1A8447EE005918A6 /* RecordsTests.xctest */ = {isa = PBXFileReference; explicitFileType = wrapper.cfbundle; includeInIndex = 0; path = RecordsTests.xctest; sourceTree = BUILT_PRODUCTS_DIR; };
		B5DB2D5F1A8447EE005918A6 /* Info.plist */ = {isa = PBXFileReference; lastKnownFileType = text.plist.xml; path = Info.plist; sourceTree = "<group>"; };
		B5DB2D601A8447EE005918A6 /* RecordsTests.swift */ = {isa = PBXFileReference; lastKnownFileType = sourcecode.swift; path = RecordsTests.swift; sourceTree = "<group>"; };
		B5DB2DC11A845369005918A6 /* Alamofire.xcodeproj */ = {isa = PBXFileReference; lastKnownFileType = "wrapper.pb-project"; name = Alamofire.xcodeproj; path = Alamofire/Alamofire.xcodeproj; sourceTree = "<group>"; };
		B5DB2DD01A845380005918A6 /* SwiftyJSON.xcodeproj */ = {isa = PBXFileReference; lastKnownFileType = "wrapper.pb-project"; name = SwiftyJSON.xcodeproj; path = SwiftyJSON/SwiftyJSON.xcodeproj; sourceTree = "<group>"; };
/* End PBXFileReference section */

/* Begin PBXFrameworksBuildPhase section */
		B5DB2D401A8447EE005918A6 /* Frameworks */ = {
			isa = PBXFrameworksBuildPhase;
			buildActionMask = 2147483647;
			files = (
				B5462F0B1A8453FA00145E9F /* SwiftyJSON.framework in Frameworks */,
				B5462F031A8453FA00145E9F /* Alamofire.framework in Frameworks */,
			);
			runOnlyForDeploymentPostprocessing = 0;
		};
		B5DB2D571A8447EE005918A6 /* Frameworks */ = {
			isa = PBXFrameworksBuildPhase;
			buildActionMask = 2147483647;
			files = (
			);
			runOnlyForDeploymentPostprocessing = 0;
		};
/* End PBXFrameworksBuildPhase section */

/* Begin PBXGroup section */
		B5DB2D3A1A8447EE005918A6 = {
			isa = PBXGroup;
			children = (
				B5DB2DC11A845369005918A6 /* Alamofire.xcodeproj */,
				B5DB2DD01A845380005918A6 /* SwiftyJSON.xcodeproj */,
				B5DB2D451A8447EE005918A6 /* Records */,
				B5DB2D5D1A8447EE005918A6 /* RecordsTests */,
				B5DB2D441A8447EE005918A6 /* Products */,
			);
			sourceTree = "<group>";
		};
		B5DB2D441A8447EE005918A6 /* Products */ = {
			isa = PBXGroup;
			children = (
				B5DB2D431A8447EE005918A6 /* Records.app */,
				B5DB2D5A1A8447EE005918A6 /* RecordsTests.xctest */,
			);
			name = Products;
			sourceTree = "<group>";
		};
		B5DB2D451A8447EE005918A6 /* Records */ = {
			isa = PBXGroup;
			children = (
				B5DB2D481A8447EE005918A6 /* AppDelegate.swift */,
				B5DB2D4A1A8447EE005918A6 /* MasterViewController.swift */,
				B5DB2D4C1A8447EE005918A6 /* DetailViewController.swift */,
				B5DB2D531A8447EE005918A6 /* LaunchScreen.xib */,
				B5DB2D4E1A8447EE005918A6 /* Main.storyboard */,
				B5DB2D511A8447EE005918A6 /* Images.xcassets */,
				B5DB2D461A8447EE005918A6 /* Supporting Files */,
			);
			path = Records;
			sourceTree = "<group>";
		};
		B5DB2D461A8447EE005918A6 /* Supporting Files */ = {
			isa = PBXGroup;
			children = (
				B5DB2D471A8447EE005918A6 /* Info.plist */,
			);
			name = "Supporting Files";
			sourceTree = "<group>";
		};
		B5DB2D5D1A8447EE005918A6 /* RecordsTests */ = {
			isa = PBXGroup;
			children = (
				B5DB2D601A8447EE005918A6 /* RecordsTests.swift */,
				B5DB2D5E1A8447EE005918A6 /* Supporting Files */,
			);
			path = RecordsTests;
			sourceTree = "<group>";
		};
		B5DB2D5E1A8447EE005918A6 /* Supporting Files */ = {
			isa = PBXGroup;
			children = (
				B5DB2D5F1A8447EE005918A6 /* Info.plist */,
			);
			name = "Supporting Files";
			sourceTree = "<group>";
		};
		B5DB2DC21A845369005918A6 /* Products */ = {
			isa = PBXGroup;
			children = (
				B5DB2DC91A845369005918A6 /* Alamofire.framework */,
				B5DB2DCB1A845369005918A6 /* Alamofire.framework */,
				B5DB2DCD1A845369005918A6 /* Alamofire iOS Tests.xctest */,
				B5DB2DCF1A845369005918A6 /* Alamofire OSX Tests.xctest */,
			);
			name = Products;
			sourceTree = "<group>";
		};
		B5DB2DD11A845380005918A6 /* Products */ = {
			isa = PBXGroup;
			children = (
				B5DB2DD81A845380005918A6 /* SwiftyJSON.framework */,
				B5DB2DDA1A845380005918A6 /* SwiftyJSONTests.xctest */,
				B5DB2DDC1A845380005918A6 /* SwiftyJSON.framework */,
				B5DB2DDE1A845380005918A6 /* SwiftyJSONOSXTests.xctest */,
			);
			name = Products;
			sourceTree = "<group>";
		};
/* End PBXGroup section */

/* Begin PBXNativeTarget section */
		B5DB2D421A8447EE005918A6 /* Records */ = {
			isa = PBXNativeTarget;
			buildConfigurationList = B5DB2D641A8447EE005918A6 /* Build configuration list for PBXNativeTarget "Records" */;
			buildPhases = (
				B5DB2D3F1A8447EE005918A6 /* Sources */,
				B5DB2D401A8447EE005918A6 /* Frameworks */,
				B5DB2D411A8447EE005918A6 /* Resources */,
				B5462F0F1A8453FA00145E9F /* Embed Frameworks */,
			);
			buildRules = (
			);
			dependencies = (
				B5462F061A8453FA00145E9F /* PBXTargetDependency */,
				B5462F0E1A8453FA00145E9F /* PBXTargetDependency */,
			);
			name = Records;
			productName = Records;
			productReference = B5DB2D431A8447EE005918A6 /* Records.app */;
			productType = "com.apple.product-type.application";
		};
		B5DB2D591A8447EE005918A6 /* RecordsTests */ = {
			isa = PBXNativeTarget;
			buildConfigurationList = B5DB2D671A8447EE005918A6 /* Build configuration list for PBXNativeTarget "RecordsTests" */;
			buildPhases = (
				B5DB2D561A8447EE005918A6 /* Sources */,
				B5DB2D571A8447EE005918A6 /* Frameworks */,
				B5DB2D581A8447EE005918A6 /* Resources */,
			);
			buildRules = (
			);
			dependencies = (
				B5DB2D5C1A8447EE005918A6 /* PBXTargetDependency */,
			);
			name = RecordsTests;
			productName = RecordsTests;
			productReference = B5DB2D5A1A8447EE005918A6 /* RecordsTests.xctest */;
			productType = "com.apple.product-type.bundle.unit-test";
		};
/* End PBXNativeTarget section */

/* Begin PBXProject section */
		B5DB2D3B1A8447EE005918A6 /* Project object */ = {
			isa = PBXProject;
			attributes = {
				LastUpgradeCheck = 0610;
				ORGANIZATIONNAME = Ludicode;
				TargetAttributes = {
					B5DB2D421A8447EE005918A6 = {
						CreatedOnToolsVersion = 6.1.1;
					};
					B5DB2D591A8447EE005918A6 = {
						CreatedOnToolsVersion = 6.1.1;
						TestTargetID = B5DB2D421A8447EE005918A6;
					};
				};
			};
			buildConfigurationList = B5DB2D3E1A8447EE005918A6 /* Build configuration list for PBXProject "Records" */;
			compatibilityVersion = "Xcode 3.2";
			developmentRegion = English;
			hasScannedForEncodings = 0;
			knownRegions = (
				en,
				Base,
			);
			mainGroup = B5DB2D3A1A8447EE005918A6;
			productRefGroup = B5DB2D441A8447EE005918A6 /* Products */;
			projectDirPath = "";
			projectReferences = (
				{
					ProductGroup = B5DB2DC21A845369005918A6 /* Products */;
					ProjectRef = B5DB2DC11A845369005918A6 /* Alamofire.xcodeproj */;
				},
				{
					ProductGroup = B5DB2DD11A845380005918A6 /* Products */;
					ProjectRef = B5DB2DD01A845380005918A6 /* SwiftyJSON.xcodeproj */;
				},
			);
			projectRoot = "";
			targets = (
				B5DB2D421A8447EE005918A6 /* Records */,
				B5DB2D591A8447EE005918A6 /* RecordsTests */,
			);
		};
/* End PBXProject section */

/* Begin PBXReferenceProxy section */
		B5DB2DC91A845369005918A6 /* Alamofire.framework */ = {
			isa = PBXReferenceProxy;
			fileType = wrapper.framework;
			path = Alamofire.framework;
			remoteRef = B5DB2DC81A845369005918A6 /* PBXContainerItemProxy */;
			sourceTree = BUILT_PRODUCTS_DIR;
		};
		B5DB2DCB1A845369005918A6 /* Alamofire.framework */ = {
			isa = PBXReferenceProxy;
			fileType = wrapper.framework;
			path = Alamofire.framework;
			remoteRef = B5DB2DCA1A845369005918A6 /* PBXContainerItemProxy */;
			sourceTree = BUILT_PRODUCTS_DIR;
		};
		B5DB2DCD1A845369005918A6 /* Alamofire iOS Tests.xctest */ = {
			isa = PBXReferenceProxy;
			fileType = wrapper.cfbundle;
			path = "Alamofire iOS Tests.xctest";
			remoteRef = B5DB2DCC1A845369005918A6 /* PBXContainerItemProxy */;
			sourceTree = BUILT_PRODUCTS_DIR;
		};
		B5DB2DCF1A845369005918A6 /* Alamofire OSX Tests.xctest */ = {
			isa = PBXReferenceProxy;
			fileType = wrapper.cfbundle;
			path = "Alamofire OSX Tests.xctest";
			remoteRef = B5DB2DCE1A845369005918A6 /* PBXContainerItemProxy */;
			sourceTree = BUILT_PRODUCTS_DIR;
		};
		B5DB2DD81A845380005918A6 /* SwiftyJSON.framework */ = {
			isa = PBXReferenceProxy;
			fileType = wrapper.framework;
			path = SwiftyJSON.framework;
			remoteRef = B5DB2DD71A845380005918A6 /* PBXContainerItemProxy */;
			sourceTree = BUILT_PRODUCTS_DIR;
		};
		B5DB2DDA1A845380005918A6 /* SwiftyJSONTests.xctest */ = {
			isa = PBXReferenceProxy;
			fileType = wrapper.cfbundle;
			path = SwiftyJSONTests.xctest;
			remoteRef = B5DB2DD91A845380005918A6 /* PBXContainerItemProxy */;
			sourceTree = BUILT_PRODUCTS_DIR;
		};
		B5DB2DDC1A845380005918A6 /* SwiftyJSON.framework */ = {
			isa = PBXReferenceProxy;
			fileType = wrapper.framework;
			path = SwiftyJSON.framework;
			remoteRef = B5DB2DDB1A845380005918A6 /* PBXContainerItemProxy */;
			sourceTree = BUILT_PRODUCTS_DIR;
		};
		B5DB2DDE1A845380005918A6 /* SwiftyJSONOSXTests.xctest */ = {
			isa = PBXReferenceProxy;
			fileType = wrapper.cfbundle;
			path = SwiftyJSONOSXTests.xctest;
			remoteRef = B5DB2DDD1A845380005918A6 /* PBXContainerItemProxy */;
			sourceTree = BUILT_PRODUCTS_DIR;
		};
/* End PBXReferenceProxy section */

/* Begin PBXResourcesBuildPhase section */
		B5DB2D411A8447EE005918A6 /* Resources */ = {
			isa = PBXResourcesBuildPhase;
			buildActionMask = 2147483647;
			files = (
				B5DB2D501A8447EE005918A6 /* Main.storyboard in Resources */,
				B5DB2D551A8447EE005918A6 /* LaunchScreen.xib in Resources */,
				B5DB2D521A8447EE005918A6 /* Images.xcassets in Resources */,
			);
			runOnlyForDeploymentPostprocessing = 0;
		};
		B5DB2D581A8447EE005918A6 /* Resources */ = {
			isa = PBXResourcesBuildPhase;
			buildActionMask = 2147483647;
			files = (
			);
			runOnlyForDeploymentPostprocessing = 0;
		};
/* End PBXResourcesBuildPhase section */

/* Begin PBXSourcesBuildPhase section */
		B5DB2D3F1A8447EE005918A6 /* Sources */ = {
			isa = PBXSourcesBuildPhase;
			buildActionMask = 2147483647;
			files = (
				B5DB2D4D1A8447EE005918A6 /* DetailViewController.swift in Sources */,
				B5DB2D4B1A8447EE005918A6 /* MasterViewController.swift in Sources */,
				B5DB2D491A8447EE005918A6 /* AppDelegate.swift in Sources */,
			);
			runOnlyForDeploymentPostprocessing = 0;
		};
		B5DB2D561A8447EE005918A6 /* Sources */ = {
			isa = PBXSourcesBuildPhase;
			buildActionMask = 2147483647;
			files = (
				B5DB2D611A8447EE005918A6 /* RecordsTests.swift in Sources */,
			);
			runOnlyForDeploymentPostprocessing = 0;
		};
/* End PBXSourcesBuildPhase section */

/* Begin PBXTargetDependency section */
		B5462F061A8453FA00145E9F /* PBXTargetDependency */ = {
			isa = PBXTargetDependency;
			name = "Alamofire iOS";
			targetProxy = B5462F051A8453FA00145E9F /* PBXContainerItemProxy */;
		};
		B5462F0E1A8453FA00145E9F /* PBXTargetDependency */ = {
			isa = PBXTargetDependency;
			name = SwiftyJSON;
			targetProxy = B5462F0D1A8453FA00145E9F /* PBXContainerItemProxy */;
		};
		B5DB2D5C1A8447EE005918A6 /* PBXTargetDependency */ = {
			isa = PBXTargetDependency;
			target = B5DB2D421A8447EE005918A6 /* Records */;
			targetProxy = B5DB2D5B1A8447EE005918A6 /* PBXContainerItemProxy */;
		};
/* End PBXTargetDependency section */

/* Begin PBXVariantGroup section */
		B5DB2D4E1A8447EE005918A6 /* Main.storyboard */ = {
			isa = PBXVariantGroup;
			children = (
				B5DB2D4F1A8447EE005918A6 /* Base */,
			);
			name = Main.storyboard;
			sourceTree = "<group>";
		};
		B5DB2D531A8447EE005918A6 /* LaunchScreen.xib */ = {
			isa = PBXVariantGroup;
			children = (
				B5DB2D541A8447EE005918A6 /* Base */,
			);
			name = LaunchScreen.xib;
			sourceTree = "<group>";
		};
/* End PBXVariantGroup section */

/* Begin XCBuildConfiguration section */
		B5DB2D621A8447EE005918A6 /* Debug */ = {
			isa = XCBuildConfiguration;
			buildSettings = {
				ALWAYS_SEARCH_USER_PATHS = NO;
				CLANG_CXX_LANGUAGE_STANDARD = "gnu++0x";
				CLANG_CXX_LIBRARY = "libc++";
				CLANG_ENABLE_MODULES = YES;
				CLANG_ENABLE_OBJC_ARC = YES;
				CLANG_WARN_BOOL_CONVERSION = YES;
				CLANG_WARN_CONSTANT_CONVERSION = YES;
				CLANG_WARN_DIRECT_OBJC_ISA_USAGE = YES_ERROR;
				CLANG_WARN_EMPTY_BODY = YES;
				CLANG_WARN_ENUM_CONVERSION = YES;
				CLANG_WARN_INT_CONVERSION = YES;
				CLANG_WARN_OBJC_ROOT_CLASS = YES_ERROR;
				CLANG_WARN_UNREACHABLE_CODE = YES;
				CLANG_WARN__DUPLICATE_METHOD_MATCH = YES;
				"CODE_SIGN_IDENTITY[sdk=iphoneos*]" = "iPhone Developer";
				COPY_PHASE_STRIP = NO;
				ENABLE_STRICT_OBJC_MSGSEND = YES;
				GCC_C_LANGUAGE_STANDARD = gnu99;
				GCC_DYNAMIC_NO_PIC = NO;
				GCC_OPTIMIZATION_LEVEL = 0;
				GCC_PREPROCESSOR_DEFINITIONS = (
					"DEBUG=1",
					"$(inherited)",
				);
				GCC_SYMBOLS_PRIVATE_EXTERN = NO;
				GCC_WARN_64_TO_32_BIT_CONVERSION = YES;
				GCC_WARN_ABOUT_RETURN_TYPE = YES_ERROR;
				GCC_WARN_UNDECLARED_SELECTOR = YES;
				GCC_WARN_UNINITIALIZED_AUTOS = YES_AGGRESSIVE;
				GCC_WARN_UNUSED_FUNCTION = YES;
				GCC_WARN_UNUSED_VARIABLE = YES;
				IPHONEOS_DEPLOYMENT_TARGET = 8.1;
				MTL_ENABLE_DEBUG_INFO = YES;
				ONLY_ACTIVE_ARCH = YES;
				SDKROOT = iphoneos;
				SWIFT_OPTIMIZATION_LEVEL = "-Onone";
				TARGETED_DEVICE_FAMILY = "1,2";
			};
			name = Debug;
		};
		B5DB2D631A8447EE005918A6 /* Release */ = {
			isa = XCBuildConfiguration;
			buildSettings = {
				ALWAYS_SEARCH_USER_PATHS = NO;
				CLANG_CXX_LANGUAGE_STANDARD = "gnu++0x";
				CLANG_CXX_LIBRARY = "libc++";
				CLANG_ENABLE_MODULES = YES;
				CLANG_ENABLE_OBJC_ARC = YES;
				CLANG_WARN_BOOL_CONVERSION = YES;
				CLANG_WARN_CONSTANT_CONVERSION = YES;
				CLANG_WARN_DIRECT_OBJC_ISA_USAGE = YES_ERROR;
				CLANG_WARN_EMPTY_BODY = YES;
				CLANG_WARN_ENUM_CONVERSION = YES;
				CLANG_WARN_INT_CONVERSION = YES;
				CLANG_WARN_OBJC_ROOT_CLASS = YES_ERROR;
				CLANG_WARN_UNREACHABLE_CODE = YES;
				CLANG_WARN__DUPLICATE_METHOD_MATCH = YES;
				"CODE_SIGN_IDENTITY[sdk=iphoneos*]" = "iPhone Developer";
				COPY_PHASE_STRIP = YES;
				ENABLE_NS_ASSERTIONS = NO;
				ENABLE_STRICT_OBJC_MSGSEND = YES;
				GCC_C_LANGUAGE_STANDARD = gnu99;
				GCC_WARN_64_TO_32_BIT_CONVERSION = YES;
				GCC_WARN_ABOUT_RETURN_TYPE = YES_ERROR;
				GCC_WARN_UNDECLARED_SELECTOR = YES;
				GCC_WARN_UNINITIALIZED_AUTOS = YES_AGGRESSIVE;
				GCC_WARN_UNUSED_FUNCTION = YES;
				GCC_WARN_UNUSED_VARIABLE = YES;
				IPHONEOS_DEPLOYMENT_TARGET = 8.1;
				MTL_ENABLE_DEBUG_INFO = NO;
				SDKROOT = iphoneos;
				TARGETED_DEVICE_FAMILY = "1,2";
				VALIDATE_PRODUCT = YES;
			};
			name = Release;
		};
		B5DB2D651A8447EE005918A6 /* Debug */ = {
			isa = XCBuildConfiguration;
			buildSettings = {
				ASSETCATALOG_COMPILER_APPICON_NAME = AppIcon;
				EMBEDDED_CONTENT_CONTAINS_SWIFT = YES;
				INFOPLIST_FILE = Records/Info.plist;
				LD_RUNPATH_SEARCH_PATHS = "$(inherited) @executable_path/Frameworks";
				PRODUCT_NAME = "$(TARGET_NAME)";
			};
			name = Debug;
		};
		B5DB2D661A8447EE005918A6 /* Release */ = {
			isa = XCBuildConfiguration;
			buildSettings = {
				ASSETCATALOG_COMPILER_APPICON_NAME = AppIcon;
				EMBEDDED_CONTENT_CONTAINS_SWIFT = YES;
				INFOPLIST_FILE = Records/Info.plist;
				LD_RUNPATH_SEARCH_PATHS = "$(inherited) @executable_path/Frameworks";
				PRODUCT_NAME = "$(TARGET_NAME)";
			};
			name = Release;
		};
		B5DB2D681A8447EE005918A6 /* Debug */ = {
			isa = XCBuildConfiguration;
			buildSettings = {
				BUNDLE_LOADER = "$(TEST_HOST)";
				FRAMEWORK_SEARCH_PATHS = (
					"$(SDKROOT)/Developer/Library/Frameworks",
					"$(inherited)",
				);
				GCC_PREPROCESSOR_DEFINITIONS = (
					"DEBUG=1",
					"$(inherited)",
				);
				INFOPLIST_FILE = RecordsTests/Info.plist;
				LD_RUNPATH_SEARCH_PATHS = "$(inherited) @executable_path/Frameworks @loader_path/Frameworks";
				PRODUCT_NAME = "$(TARGET_NAME)";
				TEST_HOST = "$(BUILT_PRODUCTS_DIR)/Records.app/Records";
			};
			name = Debug;
		};
		B5DB2D691A8447EE005918A6 /* Release */ = {
			isa = XCBuildConfiguration;
			buildSettings = {
				BUNDLE_LOADER = "$(TEST_HOST)";
				FRAMEWORK_SEARCH_PATHS = (
					"$(SDKROOT)/Developer/Library/Frameworks",
					"$(inherited)",
				);
				INFOPLIST_FILE = RecordsTests/Info.plist;
				LD_RUNPATH_SEARCH_PATHS = "$(inherited) @executable_path/Frameworks @loader_path/Frameworks";
				PRODUCT_NAME = "$(TARGET_NAME)";
				TEST_HOST = "$(BUILT_PRODUCTS_DIR)/Records.app/Records";
			};
			name = Release;
		};
/* End XCBuildConfiguration section */

/* Begin XCConfigurationList section */
		B5DB2D3E1A8447EE005918A6 /* Build configuration list for PBXProject "Records" */ = {
			isa = XCConfigurationList;
			buildConfigurations = (
				B5DB2D621A8447EE005918A6 /* Debug */,
				B5DB2D631A8447EE005918A6 /* Release */,
			);
			defaultConfigurationIsVisible = 0;
			defaultConfigurationName = Release;
		};
		B5DB2D641A8447EE005918A6 /* Build configuration list for PBXNativeTarget "Records" */ = {
			isa = XCConfigurationList;
			buildConfigurations = (
				B5DB2D651A8447EE005918A6 /* Debug */,
				B5DB2D661A8447EE005918A6 /* Release */,
			);
			defaultConfigurationIsVisible = 0;
			defaultConfigurationName = Release;
		};
		B5DB2D671A8447EE005918A6 /* Build configuration list for PBXNativeTarget "RecordsTests" */ = {
			isa = XCConfigurationList;
			buildConfigurations = (
				B5DB2D681A8447EE005918A6 /* Debug */,
				B5DB2D691A8447EE005918A6 /* Release */,
			);
			defaultConfigurationIsVisible = 0;
			defaultConfigurationName = Release;
		};
/* End XCConfigurationList section */
	};
	rootObject = B5DB2D3B1A8447EE005918A6 /* Project object */;
}
